
Microsoft Visual Studio Solution File, Format Version 12.00
# Visual Studio Version 16
VisualStudioVersion = 16.0.30804.86
MinimumVisualStudioVersion = 10.0.40219.1
Project("{FAE04EC0-301F-11D3-BF4B-00C04F79EFBC}") = "BowlingLeague", "BowlingLeague\BowlingLeague.csproj", "{C9CCAEE4-4F83-4C0B-B704-46676544F10B}"
EndProject
Global
	GlobalSection(SolutionConfigurationPlatforms) = preSolution
		Debug|Any CPU = Debug|Any CPU
		Release|Any CPU = Release|Any CPU
	EndGlobalSection
	GlobalSection(ProjectConfigurationPlatforms) = postSolution
		{C9CCAEE4-4F83-4C0B-B704-46676544F10B}.Debug|Any CPU.ActiveCfg = Debug|Any CPU
		{C9CCAEE4-4F83-4C0B-B704-46676544F10B}.Debug|Any CPU.Build.0 = Debug|Any CPU
		{C9CCAEE4-4F83-4C0B-B704-46676544F10B}.Release|Any CPU.ActiveCfg = Release|Any CPU
		{C9CCAEE4-4F83-4C0B-B704-46676544F10B}.Release|Any CPU.Build.0 = Release|Any CPU
	EndGlobalSection
	GlobalSection(SolutionProperties) = preSolution
		HideSolutionNode = FALSE
	EndGlobalSection
	GlobalSection(ExtensibilityGlobals) = postSolution
		SolutionGuid = {CB1BA0A9-37CD-4105-996A-1CA5CDE1743F}
	EndGlobalSection
EndGlobal
